
Microsoft Visual Studio Solution File, Format Version 12.00
# Visual Studio Version 17
VisualStudioVersion = 17.5.002.0
MinimumVisualStudioVersion = 10.0.40219.1
Project("{9A19103F-16F7-4668-BE54-9A1E7A4F7556}") = "SpendWise", "SpendWise.csproj", "{1C358633-E10C-496E-92FF-0CA0D9263E3E}"
EndProject
Global
	GlobalSection(SolutionConfigurationPlatforms) = preSolution
		Debug|Any CPU = Debug|Any CPU
		Release|Any CPU = Release|Any CPU
	EndGlobalSection
	GlobalSection(ProjectConfigurationPlatforms) = postSolution
		{1C358633-E10C-496E-92FF-0CA0D9263E3E}.Debug|Any CPU.ActiveCfg = Debug|Any CPU
		{1C358633-E10C-496E-92FF-0CA0D9263E3E}.Debug|Any CPU.Build.0 = Debug|Any CPU
		{1C358633-E10C-496E-92FF-0CA0D9263E3E}.Release|Any CPU.ActiveCfg = Release|Any CPU
		{1C358633-E10C-496E-92FF-0CA0D9263E3E}.Release|Any CPU.Build.0 = Release|Any CPU
	EndGlobalSection
	GlobalSection(SolutionProperties) = preSolution
		HideSolutionNode = FALSE
	EndGlobalSection
	GlobalSection(ExtensibilityGlobals) = postSolution
		SolutionGuid = {CCC68D42-0FEA-424C-A928-6B1A5E6C9CB9}
	EndGlobalSection
EndGlobal
